PODS:
  - Sentry (6.2.1):
    - Sentry/Core (= 6.2.1)
  - Sentry/Core (6.2.1)
  - Zip (2.1.1)

DEPENDENCIES:
  - Sentry (= 6.2.1)
  - Zip (~> 2.1)

SPEC REPOS:
  trunk:
    - Sentry
    - Zip

SPEC CHECKSUMS:
  Sentry: 9b922b396b0e0bca8516a10e36b0ea3ebea5faf7
  Zip: 414f59909701fda9a84ab774ebe0f5449b1082cc

PODFILE CHECKSUM: cab92e249c5c4b323a90f7c0eece2e59ea5009a4

COCOAPODS: 1.10.1
