<?xml version="1.0" encoding="UTF-8"?>
<Scheme
   version = "1.3">
   <BuildAction>
      <BuildActionEntries>
         <BuildActionEntry
            buildForRunning = "YES">
            <BuildableReference
               BuildableIdentifier = "primary"
               BlueprintIdentifier = "B57201C8259293EE003D2A20"
               BuildableName = "CDDA.app"
               BlueprintName = "CDDA"
               ReferencedContainer = "container:CDDA.xcodeproj">
            </BuildableReference>
         </BuildActionEntry>
      </BuildActionEntries>
   </BuildAction>
   <LaunchAction
      useCustomWorkingDirectory = "NO"
      buildConfiguration = "Release"
      allowLocationSimulation = "NO">
      <BuildableProductRunnable>
         <BuildableReference
            BuildableIdentifier = "primary"
            BlueprintIdentifier = "B57201C8259293EE003D2A20"
            BuildableName = "CDDA.app"
            BlueprintName = "CDDA"
            ReferencedContainer = "container:CDDA.xcodeproj">
         </BuildableReference>
      </BuildableProductRunnable>
   </LaunchAction>
</Scheme>
